hash: a9708adb87abad470231643600ff6798ff073aa6a3afb1aba497552ecbf7b226
updated: 2017-05-24T10:40:51.524723726+04:00
imports:
- name: github.com/dgrijalva/jwt-go
  version: d2709f9f1f31ebcda9651b03077758c1f3a0018c
- name: github.com/jmoiron/sqlx
  version: d9bd385d68c068f1fabb5057e3dedcbcbb039d0f
  subpackages:
  - reflectx
- name: github.com/lann/builder
  version: f22ce00fd9394014049dad11c244859432bd6820
- name: github.com/lann/ps
  version: 62de8c46ede02a7675c4c79c84883eb164cb71e3
- name: github.com/lib/pq
  version: 2704adc878c21e1329f46f6e56a1c387d788ff94
  subpackages:
  - oid
- name: github.com/mattes/migrate
  version: 035c07716cd373d88456ec4d701402df52584cb4
  subpackages:
  - database
  - database/postgres
  - source
  - source/file
- name: github.com/pressly/chi
  version: e6033ea75479391a4bce3918fc119cad31e1cb30
- name: golang.org/x/crypto
  version: 7e9105388ebff089b3f99f0ef676ea55a6da3a7e
  subpackages:
  - bcrypt
  - blowfish
- name: gopkg.in/Masterminds/squirrel.v1
  version: 20f192218cf52a73397fa2df45bdda720f3e47c8
testImports: []
